// !$*UTF8*$!
{
	archiveVersion = 1;
	classes = {
	};
	objectVersion = 46;
	objects = {

/* Begin PBXBuildFile section */
		8B75D0FF1AB5D349009A7A8B /* AppDelegate.m in Sources */ = {isa = PBXBuildFile; fileRef = 8B75D0FE1AB5D349009A7A8B /* AppDelegate.m */; };
		8B75D1011AB5D349009A7A8B /* main.m in Sources */ = {isa = PBXBuildFile; fileRef = 8B75D1001AB5D349009A7A8B /* main.m */; };
		8B75D1031AB5D349009A7A8B /* Images.xcassets in Resources */ = {isa = PBXBuildFile; fileRef = 8B75D1021AB5D349009A7A8B /* Images.xcassets */; };
		8B75D1121AB5D349009A7A8B /* FullGLTestTests.m in Sources */ = {isa = PBXBuildFile; fileRef = 8B75D1111AB5D349009A7A8B /* FullGLTestTests.m */; };
		8B75D1201AB5D392009A7A8B /* OpenGLContext.m in Sources */ = {isa = PBXBuildFile; fileRef = 8B75D11F1AB5D392009A7A8B /* OpenGLContext.m */; };
		8BC0C5D01AB5E69400948889 /* HIDKeyboardInterface.mm in Sources */ = {isa = PBXBuildFile; fileRef = 8BC0C5CF1AB5E69400948889 /* HIDKeyboardInterface.mm */; };
/* End PBXBuildFile section */

/* Begin PBXContainerItemProxy section */
		8B75D10C1AB5D349009A7A8B /* PBXContainerItemProxy */ = {
			isa = PBXContainerItemProxy;
			containerPortal = 8B75D0F01AB5D349009A7A8B /* Project object */;
			proxyType = 1;
			remoteGlobalIDString = 8B75D0F71AB5D349009A7A8B;
			remoteInfo = FullGLTest;
		};
/* End PBXContainerItemProxy section */

/* Begin PBXFileReference section */
		8B75D0F81AB5D349009A7A8B /* FullGLTest.app */ = {isa = PBXFileReference; explicitFileType = wrapper.application; includeInIndex = 0; path = FullGLTest.app; sourceTree = BUILT_PRODUCTS_DIR; };
		8B75D0FC1AB5D349009A7A8B /* Info.plist */ = {isa = PBXFileReference; lastKnownFileType = text.plist.xml; path = Info.plist; sourceTree = "<group>"; };
		8B75D0FD1AB5D349009A7A8B /* AppDelegate.h */ = {isa = PBXFileReference; lastKnownFileType = sourcecode.c.h; path = AppDelegate.h; sourceTree = "<group>"; };
		8B75D0FE1AB5D349009A7A8B /* AppDelegate.m */ = {isa = PBXFileReference; lastKnownFileType = sourcecode.c.objc; path = AppDelegate.m; sourceTree = "<group>"; };
		8B75D1001AB5D349009A7A8B /* main.m */ = {isa = PBXFileReference; lastKnownFileType = sourcecode.c.objc; path = main.m; sourceTree = "<group>"; };
		8B75D1021AB5D349009A7A8B /* Images.xcassets */ = {isa = PBXFileReference; lastKnownFileType = folder.assetcatalog; path = Images.xcassets; sourceTree = "<group>"; };
		8B75D10B1AB5D349009A7A8B /* FullGLTestTests.xctest */ = {isa = PBXFileReference; explicitFileType = wrapper.cfbundle; includeInIndex = 0; path = FullGLTestTests.xctest; sourceTree = BUILT_PRODUCTS_DIR; };
		8B75D1101AB5D349009A7A8B /* Info.plist */ = {isa = PBXFileReference; lastKnownFileType = text.plist.xml; path = Info.plist; sourceTree = "<group>"; };
		8B75D1111AB5D349009A7A8B /* FullGLTestTests.m */ = {isa = PBXFileReference; lastKnownFileType = sourcecode.c.objc; path = FullGLTestTests.m; sourceTree = "<group>"; };
		8B75D11E1AB5D392009A7A8B /* OpenGLContext.h */ = {isa = PBXFileReference; fileEncoding = 4; lastKnownFileType = sourcecode.c.h; path = OpenGLContext.h; sourceTree = "<group>"; };
		8B75D11F1AB5D392009A7A8B /* OpenGLContext.m */ = {isa = PBXFileReference; fileEncoding = 4; lastKnownFileType = sourcecode.c.objc; path = OpenGLContext.m; sourceTree = "<group>"; };
		8BC0C5CE1AB5E69400948889 /* HIDKeyboardInterface.h */ = {isa = PBXFileReference; fileEncoding = 4; lastKnownFileType = sourcecode.c.h; path = HIDKeyboardInterface.h; sourceTree = "<group>"; };
		8BC0C5CF1AB5E69400948889 /* HIDKeyboardInterface.mm */ = {isa = PBXFileReference; fileEncoding = 4; lastKnownFileType = sourcecode.cpp.objcpp; path = HIDKeyboardInterface.mm; sourceTree = "<group>"; };
/* End PBXFileReference section */

/* Begin PBXFrameworksBuildPhase section */
		8B75D0F51AB5D349009A7A8B /* Frameworks */ = {
			isa = PBXFrameworksBuildPhase;
			buildActionMask = 2147483647;
			files = (
			);
			runOnlyForDeploymentPostprocessing = 0;
		};
		8B75D1081AB5D349009A7A8B /* Frameworks */ = {
			isa = PBXFrameworksBuildPhase;
			buildActionMask = 2147483647;
			files = (
			);
			runOnlyForDeploymentPostprocessing = 0;
		};
/* End PBXFrameworksBuildPhase section */

/* Begin PBXGroup section */
		8B75D0EF1AB5D349009A7A8B = {
			isa = PBXGroup;
			children = (
				8B75D0FA1AB5D349009A7A8B /* FullGLTest */,
				8B75D10E1AB5D349009A7A8B /* FullGLTestTests */,
				8B75D0F91AB5D349009A7A8B /* Products */,
			);
			sourceTree = "<group>";
		};
		8B75D0F91AB5D349009A7A8B /* Products */ = {
			isa = PBXGroup;
			children = (
				8B75D0F81AB5D349009A7A8B /* FullGLTest.app */,
				8B75D10B1AB5D349009A7A8B /* FullGLTestTests.xctest */,
			);
			name = Products;
			sourceTree = "<group>";
		};
		8B75D0FA1AB5D349009A7A8B /* FullGLTest */ = {
			isa = PBXGroup;
			children = (
				8B75D0FE1AB5D349009A7A8B /* AppDelegate.m */,
				8B75D0FD1AB5D349009A7A8B /* AppDelegate.h */,
				8B75D11F1AB5D392009A7A8B /* OpenGLContext.m */,
				8B75D11E1AB5D392009A7A8B /* OpenGLContext.h */,
				8BC0C5CF1AB5E69400948889 /* HIDKeyboardInterface.mm */,
				8BC0C5CE1AB5E69400948889 /* HIDKeyboardInterface.h */,
				8B75D1001AB5D349009A7A8B /* main.m */,
				8B75D0FB1AB5D349009A7A8B /* Supporting Files */,
			);
			path = FullGLTest;
			sourceTree = "<group>";
		};
		8B75D0FB1AB5D349009A7A8B /* Supporting Files */ = {
			isa = PBXGroup;
			children = (
				8B75D1021AB5D349009A7A8B /* Images.xcassets */,
				8B75D0FC1AB5D349009A7A8B /* Info.plist */,
			);
			name = "Supporting Files";
			sourceTree = "<group>";
		};
		8B75D10E1AB5D349009A7A8B /* FullGLTestTests */ = {
			isa = PBXGroup;
			children = (
				8B75D1111AB5D349009A7A8B /* FullGLTestTests.m */,
				8B75D10F1AB5D349009A7A8B /* Supporting Files */,
			);
			path = FullGLTestTests;
			sourceTree = "<group>";
		};
		8B75D10F1AB5D349009A7A8B /* Supporting Files */ = {
			isa = PBXGroup;
			children = (
				8B75D1101AB5D349009A7A8B /* Info.plist */,
			);
			name = "Supporting Files";
			sourceTree = "<group>";
		};
/* End PBXGroup section */

/* Begin PBXNativeTarget section */
		8B75D0F71AB5D349009A7A8B /* FullGLTest */ = {
			isa = PBXNativeTarget;
			buildConfigurationList = 8B75D1151AB5D349009A7A8B /* Build configuration list for PBXNativeTarget "FullGLTest" */;
			buildPhases = (
				8B75D0F41AB5D349009A7A8B /* Sources */,
				8B75D0F51AB5D349009A7A8B /* Frameworks */,
				8B75D0F61AB5D349009A7A8B /* Resources */,
			);
			buildRules = (
			);
			dependencies = (
			);
			name = FullGLTest;
			productName = FullGLTest;
			productReference = 8B75D0F81AB5D349009A7A8B /* FullGLTest.app */;
			productType = "com.apple.product-type.application";
		};
		8B75D10A1AB5D349009A7A8B /* FullGLTestTests */ = {
			isa = PBXNativeTarget;
			buildConfigurationList = 8B75D1181AB5D349009A7A8B /* Build configuration list for PBXNativeTarget "FullGLTestTests" */;
			buildPhases = (
				8B75D1071AB5D349009A7A8B /* Sources */,
				8B75D1081AB5D349009A7A8B /* Frameworks */,
				8B75D1091AB5D349009A7A8B /* Resources */,
			);
			buildRules = (
			);
			dependencies = (
				8B75D10D1AB5D349009A7A8B /* PBXTargetDependency */,
			);
			name = FullGLTestTests;
			productName = FullGLTestTests;
			productReference = 8B75D10B1AB5D349009A7A8B /* FullGLTestTests.xctest */;
			productType = "com.apple.product-type.bundle.unit-test";
		};
/* End PBXNativeTarget section */

/* Begin PBXProject section */
		8B75D0F01AB5D349009A7A8B /* Project object */ = {
			isa = PBXProject;
			attributes = {
				LastUpgradeCheck = 0610;
				ORGANIZATIONNAME = "Corona Industries LTD";
				TargetAttributes = {
					8B75D0F71AB5D349009A7A8B = {
						CreatedOnToolsVersion = 6.1;
					};
					8B75D10A1AB5D349009A7A8B = {
						CreatedOnToolsVersion = 6.1;
						TestTargetID = 8B75D0F71AB5D349009A7A8B;
					};
				};
			};
			buildConfigurationList = 8B75D0F31AB5D349009A7A8B /* Build configuration list for PBXProject "FullGLTest" */;
			compatibilityVersion = "Xcode 3.2";
			developmentRegion = English;
			hasScannedForEncodings = 0;
			knownRegions = (
				en,
				Base,
			);
			mainGroup = 8B75D0EF1AB5D349009A7A8B;
			productRefGroup = 8B75D0F91AB5D349009A7A8B /* Products */;
			projectDirPath = "";
			projectRoot = "";
			targets = (
				8B75D0F71AB5D349009A7A8B /* FullGLTest */,
				8B75D10A1AB5D349009A7A8B /* FullGLTestTests */,
			);
		};
/* End PBXProject section */

/* Begin PBXResourcesBuildPhase section */
		8B75D0F61AB5D349009A7A8B /* Resources */ = {
			isa = PBXResourcesBuildPhase;
			buildActionMask = 2147483647;
			files = (
				8B75D1031AB5D349009A7A8B /* Images.xcassets in Resources */,
			);
			runOnlyForDeploymentPostprocessing = 0;
		};
		8B75D1091AB5D349009A7A8B /* Resources */ = {
			isa = PBXResourcesBuildPhase;
			buildActionMask = 2147483647;
			files = (
			);
			runOnlyForDeploymentPostprocessing = 0;
		};
/* End PBXResourcesBuildPhase section */

/* Begin PBXSourcesBuildPhase section */
		8B75D0F41AB5D349009A7A8B /* Sources */ = {
			isa = PBXSourcesBuildPhase;
			buildActionMask = 2147483647;
			files = (
				8BC0C5D01AB5E69400948889 /* HIDKeyboardInterface.mm in Sources */,
				8B75D1011AB5D349009A7A8B /* main.m in Sources */,
				8B75D0FF1AB5D349009A7A8B /* AppDelegate.m in Sources */,
				8B75D1201AB5D392009A7A8B /* OpenGLContext.m in Sources */,
			);
			runOnlyForDeploymentPostprocessing = 0;
		};
		8B75D1071AB5D349009A7A8B /* Sources */ = {
			isa = PBXSourcesBuildPhase;
			buildActionMask = 2147483647;
			files = (
				8B75D1121AB5D349009A7A8B /* FullGLTestTests.m in Sources */,
			);
			runOnlyForDeploymentPostprocessing = 0;
		};
/* End PBXSourcesBuildPhase section */

/* Begin PBXTargetDependency section */
		8B75D10D1AB5D349009A7A8B /* PBXTargetDependency */ = {
			isa = PBXTargetDependency;
			target = 8B75D0F71AB5D349009A7A8B /* FullGLTest */;
			targetProxy = 8B75D10C1AB5D349009A7A8B /* PBXContainerItemProxy */;
		};
/* End PBXTargetDependency section */

/* Begin XCBuildConfiguration section */
		8B75D1131AB5D349009A7A8B /* Debug */ = {
			isa = XCBuildConfiguration;
			buildSettings = {
				ALWAYS_SEARCH_USER_PATHS = NO;
				CLANG_CXX_LANGUAGE_STANDARD = "gnu++0x";
				CLANG_CXX_LIBRARY = "libc++";
				CLANG_ENABLE_MODULES = YES;
				CLANG_ENABLE_OBJC_ARC = YES;
				CLANG_WARN_BOOL_CONVERSION = YES;
				CLANG_WARN_CONSTANT_CONVERSION = YES;
				CLANG_WARN_DIRECT_OBJC_ISA_USAGE = YES_ERROR;
				CLANG_WARN_EMPTY_BODY = YES;
				CLANG_WARN_ENUM_CONVERSION = YES;
				CLANG_WARN_INT_CONVERSION = YES;
				CLANG_WARN_OBJC_ROOT_CLASS = YES_ERROR;
				CLANG_WARN_UNREACHABLE_CODE = YES;
				CLANG_WARN__DUPLICATE_METHOD_MATCH = YES;
				CODE_SIGN_IDENTITY = "-";
				COPY_PHASE_STRIP = NO;
				ENABLE_STRICT_OBJC_MSGSEND = YES;
				GCC_C_LANGUAGE_STANDARD = gnu99;
				GCC_DYNAMIC_NO_PIC = NO;
				GCC_OPTIMIZATION_LEVEL = 0;
				GCC_PREPROCESSOR_DEFINITIONS = (
					"DEBUG=1",
					"$(inherited)",
				);
				GCC_SYMBOLS_PRIVATE_EXTERN = NO;
				GCC_WARN_64_TO_32_BIT_CONVERSION = YES;
				GCC_WARN_ABOUT_RETURN_TYPE = YES_ERROR;
				GCC_WARN_UNDECLARED_SELECTOR = YES;
				GCC_WARN_UNINITIALIZED_AUTOS = YES_AGGRESSIVE;
				GCC_WARN_UNUSED_FUNCTION = YES;
				GCC_WARN_UNUSED_VARIABLE = YES;
				MACOSX_DEPLOYMENT_TARGET = 10.9;
				MTL_ENABLE_DEBUG_INFO = YES;
				ONLY_ACTIVE_ARCH = YES;
				SDKROOT = macosx;
			};
			name = Debug;
		};
		8B75D1141AB5D349009A7A8B /* Release */ = {
			isa = XCBuildConfiguration;
			buildSettings = {
				ALWAYS_SEARCH_USER_PATHS = NO;
				CLANG_CXX_LANGUAGE_STANDARD = "gnu++0x";
				CLANG_CXX_LIBRARY = "libc++";
				CLANG_ENABLE_MODULES = YES;
				CLANG_ENABLE_OBJC_ARC = YES;
				CLANG_WARN_BOOL_CONVERSION = YES;
				CLANG_WARN_CONSTANT_CONVERSION = YES;
				CLANG_WARN_DIRECT_OBJC_ISA_USAGE = YES_ERROR;
				CLANG_WARN_EMPTY_BODY = YES;
				CLANG_WARN_ENUM_CONVERSION = YES;
				CLANG_WARN_INT_CONVERSION = YES;
				CLANG_WARN_OBJC_ROOT_CLASS = YES_ERROR;
				CLANG_WARN_UNREACHABLE_CODE = YES;
				CLANG_WARN__DUPLICATE_METHOD_MATCH = YES;
				CODE_SIGN_IDENTITY = "-";
				COPY_PHASE_STRIP = YES;
				DEBUG_INFORMATION_FORMAT = "dwarf-with-dsym";
				ENABLE_NS_ASSERTIONS = NO;
				ENABLE_STRICT_OBJC_MSGSEND = YES;
				GCC_C_LANGUAGE_STANDARD = gnu99;
				GCC_WARN_64_TO_32_BIT_CONVERSION = YES;
				GCC_WARN_ABOUT_RETURN_TYPE = YES_ERROR;
				GCC_WARN_UNDECLARED_SELECTOR = YES;
				GCC_WARN_UNINITIALIZED_AUTOS = YES_AGGRESSIVE;
				GCC_WARN_UNUSED_FUNCTION = YES;
				GCC_WARN_UNUSED_VARIABLE = YES;
				MACOSX_DEPLOYMENT_TARGET = 10.9;
				MTL_ENABLE_DEBUG_INFO = NO;
				SDKROOT = macosx;
			};
			name = Release;
		};
		8B75D1161AB5D349009A7A8B /* Debug */ = {
			isa = XCBuildConfiguration;
			buildSettings = {
				ASSETCATALOG_COMPILER_APPICON_NAME = AppIcon;
				COMBINE_HIDPI_IMAGES = YES;
				INFOPLIST_FILE = FullGLTest/Info.plist;
				LD_RUNPATH_SEARCH_PATHS = "$(inherited) @executable_path/../Frameworks";
				PRODUCT_NAME = "$(TARGET_NAME)";
			};
			name = Debug;
		};
		8B75D1171AB5D349009A7A8B /* Release */ = {
			isa = XCBuildConfiguration;
			buildSettings = {
				ASSETCATALOG_COMPILER_APPICON_NAME = AppIcon;
				COMBINE_HIDPI_IMAGES = YES;
				INFOPLIST_FILE = FullGLTest/Info.plist;
				LD_RUNPATH_SEARCH_PATHS = "$(inherited) @executable_path/../Frameworks";
				PRODUCT_NAME = "$(TARGET_NAME)";
			};
			name = Release;
		};
		8B75D1191AB5D349009A7A8B /* Debug */ = {
			isa = XCBuildConfiguration;
			buildSettings = {
				BUNDLE_LOADER = "$(TEST_HOST)";
				COMBINE_HIDPI_IMAGES = YES;
				FRAMEWORK_SEARCH_PATHS = (
					"$(DEVELOPER_FRAMEWORKS_DIR)",
					"$(inherited)",
				);
				GCC_PREPROCESSOR_DEFINITIONS = (
					"DEBUG=1",
					"$(inherited)",
				);
				INFOPLIST_FILE = FullGLTestTests/Info.plist;
				LD_RUNPATH_SEARCH_PATHS = "$(inherited) @executable_path/../Frameworks @loader_path/../Frameworks";
				PRODUCT_NAME = "$(TARGET_NAME)";
				TEST_HOST = "$(BUILT_PRODUCTS_DIR)/FullGLTest.app/Contents/MacOS/FullGLTest";
			};
			name = Debug;
		};
		8B75D11A1AB5D349009A7A8B /* Release */ = {
			isa = XCBuildConfiguration;
			buildSettings = {
				BUNDLE_LOADER = "$(TEST_HOST)";
				COMBINE_HIDPI_IMAGES = YES;
				FRAMEWORK_SEARCH_PATHS = (
					"$(DEVELOPER_FRAMEWORKS_DIR)",
					"$(inherited)",
				);
				INFOPLIST_FILE = FullGLTestTests/Info.plist;
				LD_RUNPATH_SEARCH_PATHS = "$(inherited) @executable_path/../Frameworks @loader_path/../Frameworks";
				PRODUCT_NAME = "$(TARGET_NAME)";
				TEST_HOST = "$(BUILT_PRODUCTS_DIR)/FullGLTest.app/Contents/MacOS/FullGLTest";
			};
			name = Release;
		};
/* End XCBuildConfiguration section */

/* Begin XCConfigurationList section */
		8B75D0F31AB5D349009A7A8B /* Build configuration list for PBXProject "FullGLTest" */ = {
			isa = XCConfigurationList;
			buildConfigurations = (
				8B75D1131AB5D349009A7A8B /* Debug */,
				8B75D1141AB5D349009A7A8B /* Release */,
			);
			defaultConfigurationIsVisible = 0;
			defaultConfigurationName = Release;
		};
		8B75D1151AB5D349009A7A8B /* Build configuration list for PBXNativeTarget "FullGLTest" */ = {
			isa = XCConfigurationList;
			buildConfigurations = (
				8B75D1161AB5D349009A7A8B /* Debug */,
				8B75D1171AB5D349009A7A8B /* Release */,
			);
			defaultConfigurationIsVisible = 0;
			defaultConfigurationName = Release;
		};
		8B75D1181AB5D349009A7A8B /* Build configuration list for PBXNativeTarget "FullGLTestTests" */ = {
			isa = XCConfigurationList;
			buildConfigurations = (
				8B75D1191AB5D349009A7A8B /* Debug */,
				8B75D11A1AB5D349009A7A8B /* Release */,
			);
			defaultConfigurationIsVisible = 0;
			defaultConfigurationName = Release;
		};
/* End XCConfigurationList section */
	};
	rootObject = 8B75D0F01AB5D349009A7A8B /* Project object */;
}
